github.com/ilinovalex86/connection v0.0.1 h1:GF7wEURR/ICOsBuQd6mn1qWqHw70yqopwC062l4kaBs=
github.com/ilinovalex86/connection v0.0.1/go.mod h1:ICh4SydvoImApEnb7bZdRQOA0N3ryvnpYM0fcvFmLoo=
github.com/ilinovalex86/connection v0.0.2 h1:4smgCW87hw3TnidEvm7Li+nJoy8VXMWOsV6ddcyjBQM=
github.com/ilinovalex86/connection v0.0.2/go.mod h1:ICh4SydvoImApEnb7bZdRQOA0N3ryvnpYM0fcvFmLoo=
github.com/ilinovalex86/explorer v0.0.1 h1:yCxoSomOVJM2q6GFr5TlHAOkPFpUqggUObOWky0akUk=
github.com/ilinovalex86/explorer v0.0.1/go.mod h1:Wb8nDqWS54ZrJASb0Ona8hmmcORcBWDYSSb9yGwVEkg=
golang.org/x/text v0.3.7 h1:olpwvP2KacW1ZWvsR7uQhoyTYvKAupfQrRGBFM352Gk=
golang.org/x/text v0.3.7/go.mod h1:u+2+/6zg+i71rQMx5EYifcz6MCKuco9NR6JIITiCfzQ=
golang.org/x/tools v0.0.0-20180917221912-90fa682c2a6e/go.mod h1:n7NCudcB/nEzxVGmLbDWY5pfWTLqBcC2KZ6jyYvM4mQ=
